
Microsoft Visual Studio Solution File, Format Version 12.00
# Visual Studio Version 17
VisualStudioVersion = 17.2.32526.322
MinimumVisualStudioVersion = 10.0.40219.1
Project("{FAE04EC0-301F-11D3-BF4B-00C04F79EFBC}") = "ToDoAPI", "ToDoAPI.csproj", "{51653079-FE2C-467A-B659-AB3B0B49634B}"
EndProject
Global
	GlobalSection(SolutionConfigurationPlatforms) = preSolution
		Debug|Any CPU = Debug|Any CPU
		Release|Any CPU = Release|Any CPU
	EndGlobalSection
	GlobalSection(ProjectConfigurationPlatforms) = postSolution
		{51653079-FE2C-467A-B659-AB3B0B49634B}.Debug|Any CPU.ActiveCfg = Debug|Any CPU
		{51653079-FE2C-467A-B659-AB3B0B49634B}.Debug|Any CPU.Build.0 = Debug|Any CPU
		{51653079-FE2C-467A-B659-AB3B0B49634B}.Release|Any CPU.ActiveCfg = Release|Any CPU
		{51653079-FE2C-467A-B659-AB3B0B49634B}.Release|Any CPU.Build.0 = Release|Any CPU
	EndGlobalSection
	GlobalSection(SolutionProperties) = preSolution
		HideSolutionNode = FALSE
	EndGlobalSection
	GlobalSection(ExtensibilityGlobals) = postSolution
		SolutionGuid = {53B01F86-F6D1-4BCE-8DE8-596B52ADE430}
	EndGlobalSection
EndGlobal
